// !$*UTF8*$!
{
	archiveVersion = 1;
	classes = {
	};
	objectVersion = 56;
	objects = {

/* Begin PBXBuildFile section */
		34D375D8294B65D20099A4AF /* TwitterCloneApp.swift in Sources */ = {isa = PBXBuildFile; fileRef = 34D375D7294B65D20099A4AF /* TwitterCloneApp.swift */; };
		34D375DA294B65D20099A4AF /* ContentView.swift in Sources */ = {isa = PBXBuildFile; fileRef = 34D375D9294B65D20099A4AF /* ContentView.swift */; };
		34D375DC294B65D60099A4AF /* Assets.xcassets in Resources */ = {isa = PBXBuildFile; fileRef = 34D375DB294B65D60099A4AF /* Assets.xcassets */; };
		34D375DF294B65D60099A4AF /* Preview Assets.xcassets in Resources */ = {isa = PBXBuildFile; fileRef = 34D375DE294B65D60099A4AF /* Preview Assets.xcassets */; };
		34D375ED294B66660099A4AF /* HomeView.swift in Sources */ = {isa = PBXBuildFile; fileRef = 34D375EC294B66660099A4AF /* HomeView.swift */; };
		34D375EF294B66730099A4AF /* SearchView.swift in Sources */ = {isa = PBXBuildFile; fileRef = 34D375EE294B66730099A4AF /* SearchView.swift */; };
		34D375F1294B66800099A4AF /* NotificationView.swift in Sources */ = {isa = PBXBuildFile; fileRef = 34D375F0294B66800099A4AF /* NotificationView.swift */; };
		34D375F3294B668C0099A4AF /* MessageView.swift in Sources */ = {isa = PBXBuildFile; fileRef = 34D375F2294B668C0099A4AF /* MessageView.swift */; };
		34D375F5294B77BD0099A4AF /* Model.swift in Sources */ = {isa = PBXBuildFile; fileRef = 34D375F4294B77BD0099A4AF /* Model.swift */; };
		34D375F7294B77CC0099A4AF /* ViewModel.swift in Sources */ = {isa = PBXBuildFile; fileRef = 34D375F6294B77CC0099A4AF /* ViewModel.swift */; };
/* End PBXBuildFile section */

/* Begin PBXFileReference section */
		34D375D4294B65D20099A4AF /* TwitterClone.app */ = {isa = PBXFileReference; explicitFileType = wrapper.application; includeInIndex = 0; path = TwitterClone.app; sourceTree = BUILT_PRODUCTS_DIR; };
		34D375D7294B65D20099A4AF /* TwitterCloneApp.swift */ = {isa = PBXFileReference; lastKnownFileType = sourcecode.swift; path = TwitterCloneApp.swift; sourceTree = "<group>"; };
		34D375D9294B65D20099A4AF /* ContentView.swift */ = {isa = PBXFileReference; lastKnownFileType = sourcecode.swift; path = ContentView.swift; sourceTree = "<group>"; };
		34D375DB294B65D60099A4AF /* Assets.xcassets */ = {isa = PBXFileReference; lastKnownFileType = folder.assetcatalog; path = Assets.xcassets; sourceTree = "<group>"; };
		34D375DE294B65D60099A4AF /* Preview Assets.xcassets */ = {isa = PBXFileReference; lastKnownFileType = folder.assetcatalog; path = "Preview Assets.xcassets"; sourceTree = "<group>"; };
		34D375EC294B66660099A4AF /* HomeView.swift */ = {isa = PBXFileReference; lastKnownFileType = sourcecode.swift; path = HomeView.swift; sourceTree = "<group>"; };
		34D375EE294B66730099A4AF /* SearchView.swift */ = {isa = PBXFileReference; lastKnownFileType = sourcecode.swift; path = SearchView.swift; sourceTree = "<group>"; };
		34D375F0294B66800099A4AF /* NotificationView.swift */ = {isa = PBXFileReference; lastKnownFileType = sourcecode.swift; path = NotificationView.swift; sourceTree = "<group>"; };
		34D375F2294B668C0099A4AF /* MessageView.swift */ = {isa = PBXFileReference; lastKnownFileType = sourcecode.swift; path = MessageView.swift; sourceTree = "<group>"; };
		34D375F4294B77BD0099A4AF /* Model.swift */ = {isa = PBXFileReference; lastKnownFileType = sourcecode.swift; path = Model.swift; sourceTree = "<group>"; };
		34D375F6294B77CC0099A4AF /* ViewModel.swift */ = {isa = PBXFileReference; lastKnownFileType = sourcecode.swift; path = ViewModel.swift; sourceTree = "<group>"; };
/* End PBXFileReference section */

/* Begin PBXFrameworksBuildPhase section */
		34D375D1294B65D20099A4AF /* Frameworks */ = {
			isa = PBXFrameworksBuildPhase;
			buildActionMask = 2147483647;
			files = (
			);
			runOnlyForDeploymentPostprocessing = 0;
		};
/* End PBXFrameworksBuildPhase section */

/* Begin PBXGroup section */
		34D375CB294B65D20099A4AF = {
			isa = PBXGroup;
			children = (
				34D375D6294B65D20099A4AF /* TwitterClone */,
				34D375D5294B65D20099A4AF /* Products */,
			);
			sourceTree = "<group>";
		};
		34D375D5294B65D20099A4AF /* Products */ = {
			isa = PBXGroup;
			children = (
				34D375D4294B65D20099A4AF /* TwitterClone.app */,
			);
			name = Products;
			sourceTree = "<group>";
		};
		34D375D6294B65D20099A4AF /* TwitterClone */ = {
			isa = PBXGroup;
			children = (
				34D375D7294B65D20099A4AF /* TwitterCloneApp.swift */,
				34D375E5294B65E40099A4AF /* View */,
				34D375E7294B65F00099A4AF /* Model */,
				34D375E6294B65EA0099A4AF /* ViewModel */,
				34D375DB294B65D60099A4AF /* Assets.xcassets */,
				34D375DD294B65D60099A4AF /* Preview Content */,
			);
			path = TwitterClone;
			sourceTree = "<group>";
		};
		34D375DD294B65D60099A4AF /* Preview Content */ = {
			isa = PBXGroup;
			children = (
				34D375DE294B65D60099A4AF /* Preview Assets.xcassets */,
			);
			path = "Preview Content";
			sourceTree = "<group>";
		};
		34D375E5294B65E40099A4AF /* View */ = {
			isa = PBXGroup;
			children = (
				34D375D9294B65D20099A4AF /* ContentView.swift */,
				34D375E8294B66030099A4AF /* HomeView */,
				34D375E9294B660F0099A4AF /* SearchView */,
				34D375EA294B66230099A4AF /* NotificationView */,
				34D375EB294B66320099A4AF /* MessageView */,
			);
			path = View;
			sourceTree = "<group>";
		};
		34D375E6294B65EA0099A4AF /* ViewModel */ = {
			isa = PBXGroup;
			children = (
				34D375F6294B77CC0099A4AF /* ViewModel.swift */,
			);
			path = ViewModel;
			sourceTree = "<group>";
		};
		34D375E7294B65F00099A4AF /* Model */ = {
			isa = PBXGroup;
			children = (
				34D375F4294B77BD0099A4AF /* Model.swift */,
			);
			path = Model;
			sourceTree = "<group>";
		};
		34D375E8294B66030099A4AF /* HomeView */ = {
			isa = PBXGroup;
			children = (
				34D375EC294B66660099A4AF /* HomeView.swift */,
			);
			path = HomeView;
			sourceTree = "<group>";
		};
		34D375E9294B660F0099A4AF /* SearchView */ = {
			isa = PBXGroup;
			children = (
				34D375EE294B66730099A4AF /* SearchView.swift */,
			);
			path = SearchView;
			sourceTree = "<group>";
		};
		34D375EA294B66230099A4AF /* NotificationView */ = {
			isa = PBXGroup;
			children = (
				34D375F0294B66800099A4AF /* NotificationView.swift */,
			);
			path = NotificationView;
			sourceTree = "<group>";
		};
		34D375EB294B66320099A4AF /* MessageView */ = {
			isa = PBXGroup;
			children = (
				34D375F2294B668C0099A4AF /* MessageView.swift */,
			);
			path = MessageView;
			sourceTree = "<group>";
		};
/* End PBXGroup section */

/* Begin PBXNativeTarget section */
		34D375D3294B65D20099A4AF /* TwitterClone */ = {
			isa = PBXNativeTarget;
			buildConfigurationList = 34D375E2294B65D60099A4AF /* Build configuration list for PBXNativeTarget "TwitterClone" */;
			buildPhases = (
				34D375D0294B65D20099A4AF /* Sources */,
				34D375D1294B65D20099A4AF /* Frameworks */,
				34D375D2294B65D20099A4AF /* Resources */,
			);
			buildRules = (
			);
			dependencies = (
			);
			name = TwitterClone;
			productName = TwitterClone;
			productReference = 34D375D4294B65D20099A4AF /* TwitterClone.app */;
			productType = "com.apple.product-type.application";
		};
/* End PBXNativeTarget section */

/* Begin PBXProject section */
		34D375CC294B65D20099A4AF /* Project object */ = {
			isa = PBXProject;
			attributes = {
				BuildIndependentTargetsInParallel = 1;
				LastSwiftUpdateCheck = 1410;
				LastUpgradeCheck = 1410;
				TargetAttributes = {
					34D375D3294B65D20099A4AF = {
						CreatedOnToolsVersion = 14.1;
					};
				};
			};
			buildConfigurationList = 34D375CF294B65D20099A4AF /* Build configuration list for PBXProject "TwitterClone" */;
			compatibilityVersion = "Xcode 14.0";
			developmentRegion = en;
			hasScannedForEncodings = 0;
			knownRegions = (
				en,
				Base,
			);
			mainGroup = 34D375CB294B65D20099A4AF;
			productRefGroup = 34D375D5294B65D20099A4AF /* Products */;
			projectDirPath = "";
			projectRoot = "";
			targets = (
				34D375D3294B65D20099A4AF /* TwitterClone */,
			);
		};
/* End PBXProject section */

/* Begin PBXResourcesBuildPhase section */
		34D375D2294B65D20099A4AF /* Resources */ = {
			isa = PBXResourcesBuildPhase;
			buildActionMask = 2147483647;
			files = (
				34D375DF294B65D60099A4AF /* Preview Assets.xcassets in Resources */,
				34D375DC294B65D60099A4AF /* Assets.xcassets in Resources */,
			);
			runOnlyForDeploymentPostprocessing = 0;
		};
/* End PBXResourcesBuildPhase section */

/* Begin PBXSourcesBuildPhase section */
		34D375D0294B65D20099A4AF /* Sources */ = {
			isa = PBXSourcesBuildPhase;
			buildActionMask = 2147483647;
			files = (
				34D375F5294B77BD0099A4AF /* Model.swift in Sources */,
				34D375F3294B668C0099A4AF /* MessageView.swift in Sources */,
				34D375EF294B66730099A4AF /* SearchView.swift in Sources */,
				34D375ED294B66660099A4AF /* HomeView.swift in Sources */,
				34D375DA294B65D20099A4AF /* ContentView.swift in Sources */,
				34D375D8294B65D20099A4AF /* TwitterCloneApp.swift in Sources */,
				34D375F7294B77CC0099A4AF /* ViewModel.swift in Sources */,
				34D375F1294B66800099A4AF /* NotificationView.swift in Sources */,
			);
			runOnlyForDeploymentPostprocessing = 0;
		};
/* End PBXSourcesBuildPhase section */

/* Begin XCBuildConfiguration section */
		34D375E0294B65D60099A4AF /* Debug */ = {
			isa = XCBuildConfiguration;
			buildSettings = {
				ALWAYS_SEARCH_USER_PATHS = NO;
				CLANG_ANALYZER_NONNULL = YES;
				CLANG_ANALYZER_NUMBER_OBJECT_CONVERSION = YES_AGGRESSIVE;
				CLANG_CXX_LANGUAGE_STANDARD = "gnu++20";
				CLANG_ENABLE_MODULES = YES;
				CLANG_ENABLE_OBJC_ARC = YES;
				CLANG_ENABLE_OBJC_WEAK = YES;
				CLANG_WARN_BLOCK_CAPTURE_AUTORELEASING = YES;
				CLANG_WARN_BOOL_CONVERSION = YES;
				CLANG_WARN_COMMA = YES;
				CLANG_WARN_CONSTANT_CONVERSION = YES;
				CLANG_WARN_DEPRECATED_OBJC_IMPLEMENTATIONS = YES;
				CLANG_WARN_DIRECT_OBJC_ISA_USAGE = YES_ERROR;
				CLANG_WARN_DOCUMENTATION_COMMENTS = YES;
				CLANG_WARN_EMPTY_BODY = YES;
				CLANG_WARN_ENUM_CONVERSION = YES;
				CLANG_WARN_INFINITE_RECURSION = YES;
				CLANG_WARN_INT_CONVERSION = YES;
				CLANG_WARN_NON_LITERAL_NULL_CONVERSION = YES;
				CLANG_WARN_OBJC_IMPLICIT_RETAIN_SELF = YES;
				CLANG_WARN_OBJC_LITERAL_CONVERSION = YES;
				CLANG_WARN_OBJC_ROOT_CLASS = YES_ERROR;
				CLANG_WARN_QUOTED_INCLUDE_IN_FRAMEWORK_HEADER = YES;
				CLANG_WARN_RANGE_LOOP_ANALYSIS = YES;
				CLANG_WARN_STRICT_PROTOTYPES = YES;
				CLANG_WARN_SUSPICIOUS_MOVE = YES;
				CLANG_WARN_UNGUARDED_AVAILABILITY = YES_AGGRESSIVE;
				CLANG_WARN_UNREACHABLE_CODE = YES;
				CLANG_WARN__DUPLICATE_METHOD_MATCH = YES;
				COPY_PHASE_STRIP = NO;
				DEBUG_INFORMATION_FORMAT = dwarf;
				ENABLE_STRICT_OBJC_MSGSEND = YES;
				ENABLE_TESTABILITY = YES;
				GCC_C_LANGUAGE_STANDARD = gnu11;
				GCC_DYNAMIC_NO_PIC = NO;
				GCC_NO_COMMON_BLOCKS = YES;
				GCC_OPTIMIZATION_LEVEL = 0;
				GCC_PREPROCESSOR_DEFINITIONS = (
					"DEBUG=1",
					"$(inherited)",
				);
				GCC_WARN_64_TO_32_BIT_CONVERSION = YES;
				GCC_WARN_ABOUT_RETURN_TYPE = YES_ERROR;
				GCC_WARN_UNDECLARED_SELECTOR = YES;
				GCC_WARN_UNINITIALIZED_AUTOS = YES_AGGRESSIVE;
				GCC_WARN_UNUSED_FUNCTION = YES;
				GCC_WARN_UNUSED_VARIABLE = YES;
				IPHONEOS_DEPLOYMENT_TARGET = 16.1;
				MTL_ENABLE_DEBUG_INFO = INCLUDE_SOURCE;
				MTL_FAST_MATH = YES;
				ONLY_ACTIVE_ARCH = YES;
				SDKROOT = iphoneos;
				SWIFT_ACTIVE_COMPILATION_CONDITIONS = DEBUG;
				SWIFT_OPTIMIZATION_LEVEL = "-Onone";
			};
			name = Debug;
		};
		34D375E1294B65D60099A4AF /* Release */ = {
			isa = XCBuildConfiguration;
			buildSettings = {
				ALWAYS_SEARCH_USER_PATHS = NO;
				CLANG_ANALYZER_NONNULL = YES;
				CLANG_ANALYZER_NUMBER_OBJECT_CONVERSION = YES_AGGRESSIVE;
				CLANG_CXX_LANGUAGE_STANDARD = "gnu++20";
				CLANG_ENABLE_MODULES = YES;
				CLANG_ENABLE_OBJC_ARC = YES;
				CLANG_ENABLE_OBJC_WEAK = YES;
				CLANG_WARN_BLOCK_CAPTURE_AUTORELEASING = YES;
				CLANG_WARN_BOOL_CONVERSION = YES;
				CLANG_WARN_COMMA = YES;
				CLANG_WARN_CONSTANT_CONVERSION = YES;
				CLANG_WARN_DEPRECATED_OBJC_IMPLEMENTATIONS = YES;
				CLANG_WARN_DIRECT_OBJC_ISA_USAGE = YES_ERROR;
				CLANG_WARN_DOCUMENTATION_COMMENTS = YES;
				CLANG_WARN_EMPTY_BODY = YES;
				CLANG_WARN_ENUM_CONVERSION = YES;
				CLANG_WARN_INFINITE_RECURSION = YES;
				CLANG_WARN_INT_CONVERSION = YES;
				CLANG_WARN_NON_LITERAL_NULL_CONVERSION = YES;
				CLANG_WARN_OBJC_IMPLICIT_RETAIN_SELF = YES;
				CLANG_WARN_OBJC_LITERAL_CONVERSION = YES;
				CLANG_WARN_OBJC_ROOT_CLASS = YES_ERROR;
				CLANG_WARN_QUOTED_INCLUDE_IN_FRAMEWORK_HEADER = YES;
				CLANG_WARN_RANGE_LOOP_ANALYSIS = YES;
				CLANG_WARN_STRICT_PROTOTYPES = YES;
				CLANG_WARN_SUSPICIOUS_MOVE = YES;
				CLANG_WARN_UNGUARDED_AVAILABILITY = YES_AGGRESSIVE;
				CLANG_WARN_UNREACHABLE_CODE = YES;
				CLANG_WARN__DUPLICATE_METHOD_MATCH = YES;
				COPY_PHASE_STRIP = NO;
				DEBUG_INFORMATION_FORMAT = "dwarf-with-dsym";
				ENABLE_NS_ASSERTIONS = NO;
				ENABLE_STRICT_OBJC_MSGSEND = YES;
				GCC_C_LANGUAGE_STANDARD = gnu11;
				GCC_NO_COMMON_BLOCKS = YES;
				GCC_WARN_64_TO_32_BIT_CONVERSION = YES;
				GCC_WARN_ABOUT_RETURN_TYPE = YES_ERROR;
				GCC_WARN_UNDECLARED_SELECTOR = YES;
				GCC_WARN_UNINITIALIZED_AUTOS = YES_AGGRESSIVE;
				GCC_WARN_UNUSED_FUNCTION = YES;
				GCC_WARN_UNUSED_VARIABLE = YES;
				IPHONEOS_DEPLOYMENT_TARGET = 16.1;
				MTL_ENABLE_DEBUG_INFO = NO;
				MTL_FAST_MATH = YES;
				SDKROOT = iphoneos;
				SWIFT_COMPILATION_MODE = wholemodule;
				SWIFT_OPTIMIZATION_LEVEL = "-O";
				VALIDATE_PRODUCT = YES;
			};
			name = Release;
		};
		34D375E3294B65D60099A4AF /* Debug */ = {
			isa = XCBuildConfiguration;
			buildSettings = {
				ASSETCATALOG_COMPILER_APPICON_NAME = AppIcon;
				ASSETCATALOG_COMPILER_GLOBAL_ACCENT_COLOR_NAME = AccentColor;
				CODE_SIGN_STYLE = Automatic;
				CURRENT_PROJECT_VERSION = 1;
				DEVELOPMENT_ASSET_PATHS = "\"TwitterClone/Preview Content\"";
				DEVELOPMENT_TEAM = 5J83P8NTMZ;
				ENABLE_PREVIEWS = YES;
				GENERATE_INFOPLIST_FILE = YES;
				INFOPLIST_KEY_UIApplicationSceneManifest_Generation = YES;
				INFOPLIST_KEY_UIApplicationSupportsIndirectInputEvents = YES;
				INFOPLIST_KEY_UILaunchScreen_Generation = YES;
				INFOPLIST_KEY_UISupportedInterfaceOrientations_iPad = "UIInterfaceOrientationPortrait UIInterfaceOrientationPortraitUpsideDown UIInterfaceOrientationLandscapeLeft UIInterfaceOrientationLandscapeRight";
				INFOPLIST_KEY_UISupportedInterfaceOrientations_iPhone = "UIInterfaceOrientationPortrait UIInterfaceOrientationLandscapeLeft UIInterfaceOrientationLandscapeRight";
				LD_RUNPATH_SEARCH_PATHS = (
					"$(inherited)",
					"@executable_path/Frameworks",
				);
				MARKETING_VERSION = 1.0;
				PRODUCT_BUNDLE_IDENTIFIER = com.guguhanogu.TwitterClone;
				PRODUCT_NAME = "$(TARGET_NAME)";
				SWIFT_EMIT_LOC_STRINGS = YES;
				SWIFT_VERSION = 5.0;
				TARGETED_DEVICE_FAMILY = "1,2";
			};
			name = Debug;
		};
		34D375E4294B65D60099A4AF /* Release */ = {
			isa = XCBuildConfiguration;
			buildSettings = {
				ASSETCATALOG_COMPILER_APPICON_NAME = AppIcon;
				ASSETCATALOG_COMPILER_GLOBAL_ACCENT_COLOR_NAME = AccentColor;
				CODE_SIGN_STYLE = Automatic;
				CURRENT_PROJECT_VERSION = 1;
				DEVELOPMENT_ASSET_PATHS = "\"TwitterClone/Preview Content\"";
				DEVELOPMENT_TEAM = 5J83P8NTMZ;
				ENABLE_PREVIEWS = YES;
				GENERATE_INFOPLIST_FILE = YES;
				INFOPLIST_KEY_UIApplicationSceneManifest_Generation = YES;
				INFOPLIST_KEY_UIApplicationSupportsIndirectInputEvents = YES;
				INFOPLIST_KEY_UILaunchScreen_Generation = YES;
				INFOPLIST_KEY_UISupportedInterfaceOrientations_iPad = "UIInterfaceOrientationPortrait UIInterfaceOrientationPortraitUpsideDown UIInterfaceOrientationLandscapeLeft UIInterfaceOrientationLandscapeRight";
				INFOPLIST_KEY_UISupportedInterfaceOrientations_iPhone = "UIInterfaceOrientationPortrait UIInterfaceOrientationLandscapeLeft UIInterfaceOrientationLandscapeRight";
				LD_RUNPATH_SEARCH_PATHS = (
					"$(inherited)",
					"@executable_path/Frameworks",
				);
				MARKETING_VERSION = 1.0;
				PRODUCT_BUNDLE_IDENTIFIER = com.guguhanogu.TwitterClone;
				PRODUCT_NAME = "$(TARGET_NAME)";
				SWIFT_EMIT_LOC_STRINGS = YES;
				SWIFT_VERSION = 5.0;
				TARGETED_DEVICE_FAMILY = "1,2";
			};
			name = Release;
		};
/* End XCBuildConfiguration section */

/* Begin XCConfigurationList section */
		34D375CF294B65D20099A4AF /* Build configuration list for PBXProject "TwitterClone" */ = {
			isa = XCConfigurationList;
			buildConfigurations = (
				34D375E0294B65D60099A4AF /* Debug */,
				34D375E1294B65D60099A4AF /* Release */,
			);
			defaultConfigurationIsVisible = 0;
			defaultConfigurationName = Release;
		};
		34D375E2294B65D60099A4AF /* Build configuration list for PBXNativeTarget "TwitterClone" */ = {
			isa = XCConfigurationList;
			buildConfigurations = (
				34D375E3294B65D60099A4AF /* Debug */,
				34D375E4294B65D60099A4AF /* Release */,
			);
			defaultConfigurationIsVisible = 0;
			defaultConfigurationName = Release;
		};
/* End XCConfigurationList section */
	};
	rootObject = 34D375CC294B65D20099A4AF /* Project object */;
}
